
Microsoft Visual Studio Solution File, Format Version 12.00
# Visual Studio Version 17
VisualStudioVersion = 17.1.32414.318
MinimumVisualStudioVersion = 10.0.40219.1
Project("{9A19103F-16F7-4668-BE54-9A1E7A4F7556}") = "Korepetynder.Api", "Korepetynder.Api\Korepetynder.Api.csproj", "{56F43870-857C-4480-AD42-E3CE9D192E51}"
EndProject
Project("{9A19103F-16F7-4668-BE54-9A1E7A4F7556}") = "Korepetynder.Data", "Korepetynder.Data\Korepetynder.Data.csproj", "{CE8509C1-270D-4339-886F-3AD3C023F96C}"
EndProject
Project("{9A19103F-16F7-4668-BE54-9A1E7A4F7556}") = "Korepetynder.Services", "Korepetynder.Services\Korepetynder.Services.csproj", "{EE20C0D8-39CE-4823-8C06-A012D8B91E4D}"
EndProject
Project("{9A19103F-16F7-4668-BE54-9A1E7A4F7556}") = "Korepetynder.Contracts", "Korepetynder.Contracts\Korepetynder.Contracts.csproj", "{5FCCB0F0-FACA-456B-8973-271A2E176882}"
EndProject
Project("{2150E333-8FDC-42A3-9474-1A3956D46DE8}") = "Solution Items", "Solution Items", "{AF3CE5C3-4642-4458-A157-9974B7DDA132}"
	ProjectSection(SolutionItems) = preProject
		.editorconfig = .editorconfig
	EndProjectSection
EndProject
Global
	GlobalSection(SolutionConfigurationPlatforms) = preSolution
		Debug|Any CPU = Debug|Any CPU
		Release|Any CPU = Release|Any CPU
	EndGlobalSection
	GlobalSection(ProjectConfigurationPlatforms) = postSolution
		{56F43870-857C-4480-AD42-E3CE9D192E51}.Debug|Any CPU.ActiveCfg = Debug|Any CPU
		{56F43870-857C-4480-AD42-E3CE9D192E51}.Debug|Any CPU.Build.0 = Debug|Any CPU
		{56F43870-857C-4480-AD42-E3CE9D192E51}.Release|Any CPU.ActiveCfg = Release|Any CPU
		{56F43870-857C-4480-AD42-E3CE9D192E51}.Release|Any CPU.Build.0 = Release|Any CPU
		{CE8509C1-270D-4339-886F-3AD3C023F96C}.Debug|Any CPU.ActiveCfg = Debug|Any CPU
		{CE8509C1-270D-4339-886F-3AD3C023F96C}.Debug|Any CPU.Build.0 = Debug|Any CPU
		{CE8509C1-270D-4339-886F-3AD3C023F96C}.Release|Any CPU.ActiveCfg = Release|Any CPU
		{CE8509C1-270D-4339-886F-3AD3C023F96C}.Release|Any CPU.Build.0 = Release|Any CPU
		{EE20C0D8-39CE-4823-8C06-A012D8B91E4D}.Debug|Any CPU.ActiveCfg = Debug|Any CPU
		{EE20C0D8-39CE-4823-8C06-A012D8B91E4D}.Debug|Any CPU.Build.0 = Debug|Any CPU
		{EE20C0D8-39CE-4823-8C06-A012D8B91E4D}.Release|Any CPU.ActiveCfg = Release|Any CPU
		{EE20C0D8-39CE-4823-8C06-A012D8B91E4D}.Release|Any CPU.Build.0 = Release|Any CPU
		{5FCCB0F0-FACA-456B-8973-271A2E176882}.Debug|Any CPU.ActiveCfg = Debug|Any CPU
		{5FCCB0F0-FACA-456B-8973-271A2E176882}.Debug|Any CPU.Build.0 = Debug|Any CPU
		{5FCCB0F0-FACA-456B-8973-271A2E176882}.Release|Any CPU.ActiveCfg = Release|Any CPU
		{5FCCB0F0-FACA-456B-8973-271A2E176882}.Release|Any CPU.Build.0 = Release|Any CPU
	EndGlobalSection
	GlobalSection(SolutionProperties) = preSolution
		HideSolutionNode = FALSE
	EndGlobalSection
	GlobalSection(ExtensibilityGlobals) = postSolution
		SolutionGuid = {1905136D-89EE-46ED-BAB3-B3B8913FA8DA}
	EndGlobalSection
EndGlobal
